
Microsoft Visual Studio Solution File, Format Version 12.00
# Visual Studio Version 16
VisualStudioVersion = 16.0.33529.622
MinimumVisualStudioVersion = 10.0.40219.1
Project("{FAE04EC0-301F-11D3-BF4B-00C04F79EFBC}") = "QuanLyCF", "QuanLyCF\QuanLyCF.csproj", "{70A63DC0-83E9-44B2-BCAF-48281DAF008B}"
EndProject
Global
	GlobalSection(SolutionConfigurationPlatforms) = preSolution
		Debug|Any CPU = Debug|Any CPU
		Release|Any CPU = Release|Any CPU
	EndGlobalSection
	GlobalSection(ProjectConfigurationPlatforms) = postSolution
		{70A63DC0-83E9-44B2-BCAF-48281DAF008B}.Debug|Any CPU.ActiveCfg = Debug|Any CPU
		{70A63DC0-83E9-44B2-BCAF-48281DAF008B}.Debug|Any CPU.Build.0 = Debug|Any CPU
		{70A63DC0-83E9-44B2-BCAF-48281DAF008B}.Release|Any CPU.ActiveCfg = Release|Any CPU
		{70A63DC0-83E9-44B2-BCAF-48281DAF008B}.Release|Any CPU.Build.0 = Release|Any CPU
	EndGlobalSection
	GlobalSection(SolutionProperties) = preSolution
		HideSolutionNode = FALSE
	EndGlobalSection
	GlobalSection(ExtensibilityGlobals) = postSolution
		SolutionGuid = {675FECC0-F740-431E-A871-648EB2F6DBB2}
	EndGlobalSection
EndGlobal
